
Microsoft Visual Studio Solution File, Format Version 12.00
# Visual Studio Version 17
VisualStudioVersion = 17.9.34518.117
MinimumVisualStudioVersion = 10.0.40219.1
Project("{FAE04EC0-301F-11D3-BF4B-00C04F79EFBC}") = "VideoGame", "VideoGame\VideoGame.csproj", "{3DDF1D87-5AEA-4040-AB1F-1940DDC10C6C}"
EndProject
Global
	GlobalSection(SolutionConfigurationPlatforms) = preSolution
		Debug|Any CPU = Debug|Any CPU
		Release|Any CPU = Release|Any CPU
	EndGlobalSection
	GlobalSection(ProjectConfigurationPlatforms) = postSolution
		{3DDF1D87-5AEA-4040-AB1F-1940DDC10C6C}.Debug|Any CPU.ActiveCfg = Debug|Any CPU
		{3DDF1D87-5AEA-4040-AB1F-1940DDC10C6C}.Debug|Any CPU.Build.0 = Debug|Any CPU
		{3DDF1D87-5AEA-4040-AB1F-1940DDC10C6C}.Release|Any CPU.ActiveCfg = Release|Any CPU
		{3DDF1D87-5AEA-4040-AB1F-1940DDC10C6C}.Release|Any CPU.Build.0 = Release|Any CPU
	EndGlobalSection
	GlobalSection(SolutionProperties) = preSolution
		HideSolutionNode = FALSE
	EndGlobalSection
	GlobalSection(ExtensibilityGlobals) = postSolution
		SolutionGuid = {33865FDA-DFE8-4FEA-8242-7605BC6A6A0C}
	EndGlobalSection
EndGlobal
